
Microsoft Visual Studio Solution File, Format Version 12.00
# Visual Studio 14
VisualStudioVersion = 14.0.24720.0
MinimumVisualStudioVersion = 10.0.40219.1
Project("{FAE04EC0-301F-11D3-BF4B-00C04F79EFBC}") = "WunderDog.WordFinder", "WunderDog.WordFinder.csproj", "{886914CC-9180-4926-A656-9CE7E7EDF450}"
EndProject
Project("{FAE04EC0-301F-11D3-BF4B-00C04F79EFBC}") = "WunderDog.WordFinder.Tests", "..\WunderDog.WordFinder.Tests\WunderDog.WordFinder.Tests.csproj", "{4A4E2D80-FD86-4A0C-9949-C8F78CAF3088}"
EndProject
Global
	GlobalSection(SolutionConfigurationPlatforms) = preSolution
		Debug|Any CPU = Debug|Any CPU
		Release|Any CPU = Release|Any CPU
	EndGlobalSection
	GlobalSection(ProjectConfigurationPlatforms) = postSolution
		{886914CC-9180-4926-A656-9CE7E7EDF450}.Debug|Any CPU.ActiveCfg = Debug|Any CPU
		{886914CC-9180-4926-A656-9CE7E7EDF450}.Debug|Any CPU.Build.0 = Debug|Any CPU
		{886914CC-9180-4926-A656-9CE7E7EDF450}.Release|Any CPU.ActiveCfg = Release|Any CPU
		{886914CC-9180-4926-A656-9CE7E7EDF450}.Release|Any CPU.Build.0 = Release|Any CPU
		{4A4E2D80-FD86-4A0C-9949-C8F78CAF3088}.Debug|Any CPU.ActiveCfg = Debug|Any CPU
		{4A4E2D80-FD86-4A0C-9949-C8F78CAF3088}.Debug|Any CPU.Build.0 = Debug|Any CPU
		{4A4E2D80-FD86-4A0C-9949-C8F78CAF3088}.Release|Any CPU.ActiveCfg = Release|Any CPU
		{4A4E2D80-FD86-4A0C-9949-C8F78CAF3088}.Release|Any CPU.Build.0 = Release|Any CPU
	EndGlobalSection
	GlobalSection(SolutionProperties) = preSolution
		HideSolutionNode = FALSE
	EndGlobalSection
EndGlobal
